
Microsoft Visual Studio Solution File, Format Version 12.00
# Visual Studio 15
VisualStudioVersion = 15.0.28307.421
MinimumVisualStudioVersion = 10.0.40219.1
Project("{FAE04EC0-301F-11D3-BF4B-00C04F79EFBC}") = "StringsExercise", "StringsExercise\StringsExercise.csproj", "{47E84E4A-10E9-4B62-AB4F-F6D059C8104E}"
EndProject
Global
	GlobalSection(SolutionConfigurationPlatforms) = preSolution
		Debug|Any CPU = Debug|Any CPU
		Release|Any CPU = Release|Any CPU
	EndGlobalSection
	GlobalSection(ProjectConfigurationPlatforms) = postSolution
		{47E84E4A-10E9-4B62-AB4F-F6D059C8104E}.Debug|Any CPU.ActiveCfg = Debug|Any CPU
		{47E84E4A-10E9-4B62-AB4F-F6D059C8104E}.Debug|Any CPU.Build.0 = Debug|Any CPU
		{47E84E4A-10E9-4B62-AB4F-F6D059C8104E}.Release|Any CPU.ActiveCfg = Release|Any CPU
		{47E84E4A-10E9-4B62-AB4F-F6D059C8104E}.Release|Any CPU.Build.0 = Release|Any CPU
	EndGlobalSection
	GlobalSection(SolutionProperties) = preSolution
		HideSolutionNode = FALSE
	EndGlobalSection
	GlobalSection(ExtensibilityGlobals) = postSolution
		SolutionGuid = {C4C1FB3B-A586-49A8-8FFF-6DFD57C4B214}
	EndGlobalSection
EndGlobal
