
Microsoft Visual Studio Solution File, Format Version 12.00
# Visual Studio 15
VisualStudioVersion = 15.0.28307.421
MinimumVisualStudioVersion = 10.0.40219.1
Project("{FAE04EC0-301F-11D3-BF4B-00C04F79EFBC}") = "FileIOExercise", "FileIOExercise\FileIOExercise.csproj", "{B923A271-252B-4604-8907-7C3B4452E7F5}"
EndProject
Global
	GlobalSection(SolutionConfigurationPlatforms) = preSolution
		Debug|Any CPU = Debug|Any CPU
		Release|Any CPU = Release|Any CPU
	EndGlobalSection
	GlobalSection(ProjectConfigurationPlatforms) = postSolution
		{B923A271-252B-4604-8907-7C3B4452E7F5}.Debug|Any CPU.ActiveCfg = Debug|Any CPU
		{B923A271-252B-4604-8907-7C3B4452E7F5}.Debug|Any CPU.Build.0 = Debug|Any CPU
		{B923A271-252B-4604-8907-7C3B4452E7F5}.Release|Any CPU.ActiveCfg = Release|Any CPU
		{B923A271-252B-4604-8907-7C3B4452E7F5}.Release|Any CPU.Build.0 = Release|Any CPU
	EndGlobalSection
	GlobalSection(SolutionProperties) = preSolution
		HideSolutionNode = FALSE
	EndGlobalSection
	GlobalSection(ExtensibilityGlobals) = postSolution
		SolutionGuid = {DCB7D5D1-E6C3-4B69-B720-1E9C3244BB52}
	EndGlobalSection
EndGlobal
