
Microsoft Visual Studio Solution File, Format Version 12.00
# Visual Studio 15
VisualStudioVersion = 15.0.28307.421
MinimumVisualStudioVersion = 10.0.40219.1
Project("{FAE04EC0-301F-11D3-BF4B-00C04F79EFBC}") = "LambdaExpressionsExercise", "LambdaExpressionsExercise\LambdaExpressionsExercise.csproj", "{E158CE7A-B9F2-4F50-AC58-245C6D36508E}"
EndProject
Global
	GlobalSection(SolutionConfigurationPlatforms) = preSolution
		Debug|Any CPU = Debug|Any CPU
		Release|Any CPU = Release|Any CPU
	EndGlobalSection
	GlobalSection(ProjectConfigurationPlatforms) = postSolution
		{E158CE7A-B9F2-4F50-AC58-245C6D36508E}.Debug|Any CPU.ActiveCfg = Debug|Any CPU
		{E158CE7A-B9F2-4F50-AC58-245C6D36508E}.Debug|Any CPU.Build.0 = Debug|Any CPU
		{E158CE7A-B9F2-4F50-AC58-245C6D36508E}.Release|Any CPU.ActiveCfg = Release|Any CPU
		{E158CE7A-B9F2-4F50-AC58-245C6D36508E}.Release|Any CPU.Build.0 = Release|Any CPU
	EndGlobalSection
	GlobalSection(SolutionProperties) = preSolution
		HideSolutionNode = FALSE
	EndGlobalSection
	GlobalSection(ExtensibilityGlobals) = postSolution
		SolutionGuid = {8EE8728A-B066-4435-81CE-20151146D9D6}
	EndGlobalSection
EndGlobal
