
Microsoft Visual Studio Solution File, Format Version 12.00
# Visual Studio 15
VisualStudioVersion = 15.0.28307.421
MinimumVisualStudioVersion = 10.0.40219.1
Project("{FAE04EC0-301F-11D3-BF4B-00C04F79EFBC}") = "EnumExercise", "EnumExercise\EnumExercise.csproj", "{A9119AEE-0125-4723-955F-FCAFFC657EF5}"
EndProject
Global
	GlobalSection(SolutionConfigurationPlatforms) = preSolution
		Debug|Any CPU = Debug|Any CPU
		Release|Any CPU = Release|Any CPU
	EndGlobalSection
	GlobalSection(ProjectConfigurationPlatforms) = postSolution
		{A9119AEE-0125-4723-955F-FCAFFC657EF5}.Debug|Any CPU.ActiveCfg = Debug|Any CPU
		{A9119AEE-0125-4723-955F-FCAFFC657EF5}.Debug|Any CPU.Build.0 = Debug|Any CPU
		{A9119AEE-0125-4723-955F-FCAFFC657EF5}.Release|Any CPU.ActiveCfg = Release|Any CPU
		{A9119AEE-0125-4723-955F-FCAFFC657EF5}.Release|Any CPU.Build.0 = Release|Any CPU
	EndGlobalSection
	GlobalSection(SolutionProperties) = preSolution
		HideSolutionNode = FALSE
	EndGlobalSection
	GlobalSection(ExtensibilityGlobals) = postSolution
		SolutionGuid = {D16D5271-C091-4E0C-9433-7CAD3D167211}
	EndGlobalSection
EndGlobal
