
Microsoft Visual Studio Solution File, Format Version 12.00
# Visual Studio 15
VisualStudioVersion = 15.0.28307.421
MinimumVisualStudioVersion = 10.0.40219.1
Project("{FAE04EC0-301F-11D3-BF4B-00C04F79EFBC}") = "IncomeComparisonExercise", "IncomeComparisonExercise\IncomeComparisonExercise.csproj", "{35C6390C-2585-475E-B883-52D8BEFCDB30}"
EndProject
Global
	GlobalSection(SolutionConfigurationPlatforms) = preSolution
		Debug|Any CPU = Debug|Any CPU
		Release|Any CPU = Release|Any CPU
	EndGlobalSection
	GlobalSection(ProjectConfigurationPlatforms) = postSolution
		{35C6390C-2585-475E-B883-52D8BEFCDB30}.Debug|Any CPU.ActiveCfg = Debug|Any CPU
		{35C6390C-2585-475E-B883-52D8BEFCDB30}.Debug|Any CPU.Build.0 = Debug|Any CPU
		{35C6390C-2585-475E-B883-52D8BEFCDB30}.Release|Any CPU.ActiveCfg = Release|Any CPU
		{35C6390C-2585-475E-B883-52D8BEFCDB30}.Release|Any CPU.Build.0 = Release|Any CPU
	EndGlobalSection
	GlobalSection(SolutionProperties) = preSolution
		HideSolutionNode = FALSE
	EndGlobalSection
	GlobalSection(ExtensibilityGlobals) = postSolution
		SolutionGuid = {356F2806-D110-4CD8-A8AF-454CE2258E7A}
	EndGlobalSection
EndGlobal
