
Microsoft Visual Studio Solution File, Format Version 12.00
# Visual Studio 15
VisualStudioVersion = 15.0.28307.421
MinimumVisualStudioVersion = 10.0.40219.1
Project("{FAE04EC0-301F-11D3-BF4B-00C04F79EFBC}") = "ArraysListsExercise", "ArraysListsExercise\ArraysListsExercise.csproj", "{66023C6A-3D32-485B-94BD-B666E56757D7}"
EndProject
Global
	GlobalSection(SolutionConfigurationPlatforms) = preSolution
		Debug|Any CPU = Debug|Any CPU
		Release|Any CPU = Release|Any CPU
	EndGlobalSection
	GlobalSection(ProjectConfigurationPlatforms) = postSolution
		{66023C6A-3D32-485B-94BD-B666E56757D7}.Debug|Any CPU.ActiveCfg = Debug|Any CPU
		{66023C6A-3D32-485B-94BD-B666E56757D7}.Debug|Any CPU.Build.0 = Debug|Any CPU
		{66023C6A-3D32-485B-94BD-B666E56757D7}.Release|Any CPU.ActiveCfg = Release|Any CPU
		{66023C6A-3D32-485B-94BD-B666E56757D7}.Release|Any CPU.Build.0 = Release|Any CPU
	EndGlobalSection
	GlobalSection(SolutionProperties) = preSolution
		HideSolutionNode = FALSE
	EndGlobalSection
	GlobalSection(ExtensibilityGlobals) = postSolution
		SolutionGuid = {C85077AA-A93A-4FCC-B20C-79DA8E8282C3}
	EndGlobalSection
EndGlobal
