
Microsoft Visual Studio Solution File, Format Version 12.00
# Visual Studio 15
VisualStudioVersion = 15.0.28307.421
MinimumVisualStudioVersion = 10.0.40219.1
Project("{FAE04EC0-301F-11D3-BF4B-00C04F79EFBC}") = "MoreClassMethodPractice3", "MoreClassMethodPractice3\MoreClassMethodPractice3.csproj", "{F1049B74-6B4C-4A1C-8974-EF2F12B0287B}"
EndProject
Global
	GlobalSection(SolutionConfigurationPlatforms) = preSolution
		Debug|Any CPU = Debug|Any CPU
		Release|Any CPU = Release|Any CPU
	EndGlobalSection
	GlobalSection(ProjectConfigurationPlatforms) = postSolution
		{F1049B74-6B4C-4A1C-8974-EF2F12B0287B}.Debug|Any CPU.ActiveCfg = Debug|Any CPU
		{F1049B74-6B4C-4A1C-8974-EF2F12B0287B}.Debug|Any CPU.Build.0 = Debug|Any CPU
		{F1049B74-6B4C-4A1C-8974-EF2F12B0287B}.Release|Any CPU.ActiveCfg = Release|Any CPU
		{F1049B74-6B4C-4A1C-8974-EF2F12B0287B}.Release|Any CPU.Build.0 = Release|Any CPU
	EndGlobalSection
	GlobalSection(SolutionProperties) = preSolution
		HideSolutionNode = FALSE
	EndGlobalSection
	GlobalSection(ExtensibilityGlobals) = postSolution
		SolutionGuid = {5A8F486C-F8F9-429A-AC04-58BCD8F052B9}
	EndGlobalSection
EndGlobal
