
Microsoft Visual Studio Solution File, Format Version 12.00
# Visual Studio 15
VisualStudioVersion = 15.0.28307.421
MinimumVisualStudioVersion = 10.0.40219.1
Project("{FAE04EC0-301F-11D3-BF4B-00C04F79EFBC}") = "InheritanceExercise", "InheritanceExercise\InheritanceExercise.csproj", "{F9EA01F7-38CA-444B-AC86-8EDC48C39350}"
EndProject
Global
	GlobalSection(SolutionConfigurationPlatforms) = preSolution
		Debug|Any CPU = Debug|Any CPU
		Release|Any CPU = Release|Any CPU
	EndGlobalSection
	GlobalSection(ProjectConfigurationPlatforms) = postSolution
		{F9EA01F7-38CA-444B-AC86-8EDC48C39350}.Debug|Any CPU.ActiveCfg = Debug|Any CPU
		{F9EA01F7-38CA-444B-AC86-8EDC48C39350}.Debug|Any CPU.Build.0 = Debug|Any CPU
		{F9EA01F7-38CA-444B-AC86-8EDC48C39350}.Release|Any CPU.ActiveCfg = Release|Any CPU
		{F9EA01F7-38CA-444B-AC86-8EDC48C39350}.Release|Any CPU.Build.0 = Release|Any CPU
	EndGlobalSection
	GlobalSection(SolutionProperties) = preSolution
		HideSolutionNode = FALSE
	EndGlobalSection
	GlobalSection(ExtensibilityGlobals) = postSolution
		SolutionGuid = {532137B2-73C2-42E4-AFF1-1F3B69487809}
	EndGlobalSection
EndGlobal
